
Microsoft Visual Studio Solution File, Format Version 12.00
# Visual Studio Version 17
VisualStudioVersion = 17.7.34031.279
MinimumVisualStudioVersion = 10.0.40219.1
Project("{8BC9CEB8-8B4A-11D0-8D11-00A0C91BC942}") = "TcpFileClient", "TcpFileClient.vcxproj", "{5BBBDCD4-6E93-4CB3-8EC6-A3F96BCC38CA}"
EndProject
Global
	GlobalSection(SolutionConfigurationPlatforms) = preSolution
		Debug|x64 = Debug|x64
		Debug|x86 = Debug|x86
		Release|x64 = Release|x64
		Release|x86 = Release|x86
	EndGlobalSection
	GlobalSection(ProjectConfigurationPlatforms) = postSolution
		{5BBBDCD4-6E93-4CB3-8EC6-A3F96BCC38CA}.Debug|x64.ActiveCfg = Debug|x64
		{5BBBDCD4-6E93-4CB3-8EC6-A3F96BCC38CA}.Debug|x64.Build.0 = Debug|x64
		{5BBBDCD4-6E93-4CB3-8EC6-A3F96BCC38CA}.Debug|x86.ActiveCfg = Debug|Win32
		{5BBBDCD4-6E93-4CB3-8EC6-A3F96BCC38CA}.Debug|x86.Build.0 = Debug|Win32
		{5BBBDCD4-6E93-4CB3-8EC6-A3F96BCC38CA}.Release|x64.ActiveCfg = Release|x64
		{5BBBDCD4-6E93-4CB3-8EC6-A3F96BCC38CA}.Release|x64.Build.0 = Release|x64
		{5BBBDCD4-6E93-4CB3-8EC6-A3F96BCC38CA}.Release|x86.ActiveCfg = Release|Win32
		{5BBBDCD4-6E93-4CB3-8EC6-A3F96BCC38CA}.Release|x86.Build.0 = Release|Win32
	EndGlobalSection
	GlobalSection(SolutionProperties) = preSolution
		HideSolutionNode = FALSE
	EndGlobalSection
	GlobalSection(ExtensibilityGlobals) = postSolution
		SolutionGuid = {C3D6818F-ABCA-41AD-8B21-692B91FDA3C2}
	EndGlobalSection
EndGlobal
